
Microsoft Visual Studio Solution File, Format Version 12.00
# Visual Studio Version 17
VisualStudioVersion = 17.0.31903.59
MinimumVisualStudioVersion = 10.0.40219.1
Project("{FAE04EC0-301F-11D3-BF4B-00C04F79EFBC}") = "CodePlayground", "..\Core\CodePlayground\CodePlayground.csproj", "{640D872B-BFE6-47C0-95AC-625AE94914A0}"
EndProject
Project("{FAE04EC0-301F-11D3-BF4B-00C04F79EFBC}") = "CodePlayground.Graphics", "..\Core\CodePlayground.Graphics\CodePlayground.Graphics.csproj", "{BAEAE42D-43EF-4D02-AC99-29E3B0C5C2D3}"
EndProject
Project("{FAE04EC0-301F-11D3-BF4B-00C04F79EFBC}") = "MetalTest.iOS", "..\Playground\MetalTest.iOS\MetalTest.iOS.csproj", "{953BB4E5-46F1-432C-BC6D-A1EDA2410F42}"
EndProject
Global
	GlobalSection(SolutionConfigurationPlatforms) = preSolution
		Debug|Any CPU = Debug|Any CPU
		Release|Any CPU = Release|Any CPU
	EndGlobalSection
	GlobalSection(SolutionProperties) = preSolution
		HideSolutionNode = FALSE
	EndGlobalSection
	GlobalSection(ProjectConfigurationPlatforms) = postSolution
		{640D872B-BFE6-47C0-95AC-625AE94914A0}.Debug|Any CPU.ActiveCfg = Debug|Any CPU
		{640D872B-BFE6-47C0-95AC-625AE94914A0}.Debug|Any CPU.Build.0 = Debug|Any CPU
		{640D872B-BFE6-47C0-95AC-625AE94914A0}.Release|Any CPU.ActiveCfg = Release|Any CPU
		{640D872B-BFE6-47C0-95AC-625AE94914A0}.Release|Any CPU.Build.0 = Release|Any CPU
		{BAEAE42D-43EF-4D02-AC99-29E3B0C5C2D3}.Debug|Any CPU.ActiveCfg = Debug|Any CPU
		{BAEAE42D-43EF-4D02-AC99-29E3B0C5C2D3}.Debug|Any CPU.Build.0 = Debug|Any CPU
		{BAEAE42D-43EF-4D02-AC99-29E3B0C5C2D3}.Release|Any CPU.ActiveCfg = Release|Any CPU
		{BAEAE42D-43EF-4D02-AC99-29E3B0C5C2D3}.Release|Any CPU.Build.0 = Release|Any CPU
		{953BB4E5-46F1-432C-BC6D-A1EDA2410F42}.Debug|Any CPU.ActiveCfg = Debug|Any CPU
		{953BB4E5-46F1-432C-BC6D-A1EDA2410F42}.Debug|Any CPU.Build.0 = Debug|Any CPU
		{953BB4E5-46F1-432C-BC6D-A1EDA2410F42}.Release|Any CPU.ActiveCfg = Release|Any CPU
		{953BB4E5-46F1-432C-BC6D-A1EDA2410F42}.Release|Any CPU.Build.0 = Release|Any CPU
	EndGlobalSection
EndGlobal
