
Microsoft Visual Studio Solution File, Format Version 12.00
# Visual Studio Version 17
VisualStudioVersion = 17.0.31903.59
MinimumVisualStudioVersion = 10.0.40219.1
Project("{9A19103F-16F7-4668-BE54-9A1E7A4F7556}") = "CodePlayground", "..\Core\CodePlayground\CodePlayground.csproj", "{2DF4A2A3-7053-4672-B5B1-DD37E71E2F0B}"
EndProject
Project("{9A19103F-16F7-4668-BE54-9A1E7A4F7556}") = "CodePlayground.Graphics", "..\Core\CodePlayground.Graphics\CodePlayground.Graphics.csproj", "{EF78EFF1-36CF-4657-92E7-3DFF29FE2212}"
EndProject
Project("{9A19103F-16F7-4668-BE54-9A1E7A4F7556}") = "CodePlayground.Runtime", "..\Core\CodePlayground.Runtime\CodePlayground.Runtime.csproj", "{0FE9AED0-47FF-47B1-8FBA-B1DCCD3E3999}"
EndProject
Project("{9A19103F-16F7-4668-BE54-9A1E7A4F7556}") = "ChessAI", "..\Playground\ChessAI\ChessAI.csproj", "{A45E8B7E-5AE0-421C-BF0B-74D3A428CBE3}"
EndProject
Project("{9A19103F-16F7-4668-BE54-9A1E7A4F7556}") = "MachineLearning", "..\Playground\MachineLearning\MachineLearning.csproj", "{370D6DAD-C4F7-4CF2-BF17-8F56A8E47455}"
EndProject
Project("{9A19103F-16F7-4668-BE54-9A1E7A4F7556}") = "Ragdoll", "..\Playground\Ragdoll\Ragdoll.csproj", "{5A71C010-35DE-4339-BC32-7651518406B3}"
EndProject
Project("{9A19103F-16F7-4668-BE54-9A1E7A4F7556}") = "VulkanTest", "..\Playground\VulkanTest\VulkanTest.csproj", "{3380341D-A8C8-42FD-9D92-4C62F738531D}"
EndProject
Project("{9A19103F-16F7-4668-BE54-9A1E7A4F7556}") = "LibChess", "..\Libraries\chess\csharp\LibChess\LibChess.csproj", "{12BD261D-2C76-4187-83DA-52B5691073F2}"
EndProject
Project("{9A19103F-16F7-4668-BE54-9A1E7A4F7556}") = "VMASharp", "..\Libraries\VMASharp\VMASharp.csproj", "{5ADE2A39-F3AD-4F57-BE60-92905E2F1033}"
EndProject
Project("{2150E333-8FDC-42A3-9474-1A3956D46DE8}") = "Core", "Core", "{7BD23D59-9867-4ED3-8179-95825FF2A03A}"
EndProject
Project("{2150E333-8FDC-42A3-9474-1A3956D46DE8}") = "Libraries", "Libraries", "{F4B03EB5-9A04-4827-803C-325A6F9BB7FD}"
EndProject
Project("{2150E333-8FDC-42A3-9474-1A3956D46DE8}") = "Playground", "Playground", "{7478E5A8-361C-40FF-A0BE-092EA4DB4731}"
EndProject
Global
	GlobalSection(SolutionConfigurationPlatforms) = preSolution
		Debug|Any CPU = Debug|Any CPU
		Release|Any CPU = Release|Any CPU
	EndGlobalSection
	GlobalSection(ProjectConfigurationPlatforms) = postSolution
		{2DF4A2A3-7053-4672-B5B1-DD37E71E2F0B}.Debug|Any CPU.ActiveCfg = Debug|Any CPU
		{2DF4A2A3-7053-4672-B5B1-DD37E71E2F0B}.Debug|Any CPU.Build.0 = Debug|Any CPU
		{2DF4A2A3-7053-4672-B5B1-DD37E71E2F0B}.Release|Any CPU.ActiveCfg = Release|Any CPU
		{2DF4A2A3-7053-4672-B5B1-DD37E71E2F0B}.Release|Any CPU.Build.0 = Release|Any CPU
		{EF78EFF1-36CF-4657-92E7-3DFF29FE2212}.Debug|Any CPU.ActiveCfg = Debug|Any CPU
		{EF78EFF1-36CF-4657-92E7-3DFF29FE2212}.Debug|Any CPU.Build.0 = Debug|Any CPU
		{EF78EFF1-36CF-4657-92E7-3DFF29FE2212}.Release|Any CPU.ActiveCfg = Release|Any CPU
		{EF78EFF1-36CF-4657-92E7-3DFF29FE2212}.Release|Any CPU.Build.0 = Release|Any CPU
		{0FE9AED0-47FF-47B1-8FBA-B1DCCD3E3999}.Debug|Any CPU.ActiveCfg = Debug|Any CPU
		{0FE9AED0-47FF-47B1-8FBA-B1DCCD3E3999}.Debug|Any CPU.Build.0 = Debug|Any CPU
		{0FE9AED0-47FF-47B1-8FBA-B1DCCD3E3999}.Release|Any CPU.ActiveCfg = Release|Any CPU
		{0FE9AED0-47FF-47B1-8FBA-B1DCCD3E3999}.Release|Any CPU.Build.0 = Release|Any CPU
		{A45E8B7E-5AE0-421C-BF0B-74D3A428CBE3}.Debug|Any CPU.ActiveCfg = Debug|Any CPU
		{A45E8B7E-5AE0-421C-BF0B-74D3A428CBE3}.Debug|Any CPU.Build.0 = Debug|Any CPU
		{A45E8B7E-5AE0-421C-BF0B-74D3A428CBE3}.Release|Any CPU.ActiveCfg = Release|Any CPU
		{A45E8B7E-5AE0-421C-BF0B-74D3A428CBE3}.Release|Any CPU.Build.0 = Release|Any CPU
		{370D6DAD-C4F7-4CF2-BF17-8F56A8E47455}.Debug|Any CPU.ActiveCfg = Debug|Any CPU
		{370D6DAD-C4F7-4CF2-BF17-8F56A8E47455}.Debug|Any CPU.Build.0 = Debug|Any CPU
		{370D6DAD-C4F7-4CF2-BF17-8F56A8E47455}.Release|Any CPU.ActiveCfg = Release|Any CPU
		{370D6DAD-C4F7-4CF2-BF17-8F56A8E47455}.Release|Any CPU.Build.0 = Release|Any CPU
		{5A71C010-35DE-4339-BC32-7651518406B3}.Debug|Any CPU.ActiveCfg = Debug|Any CPU
		{5A71C010-35DE-4339-BC32-7651518406B3}.Debug|Any CPU.Build.0 = Debug|Any CPU
		{5A71C010-35DE-4339-BC32-7651518406B3}.Release|Any CPU.ActiveCfg = Release|Any CPU
		{5A71C010-35DE-4339-BC32-7651518406B3}.Release|Any CPU.Build.0 = Release|Any CPU
		{3380341D-A8C8-42FD-9D92-4C62F738531D}.Debug|Any CPU.ActiveCfg = Debug|Any CPU
		{3380341D-A8C8-42FD-9D92-4C62F738531D}.Debug|Any CPU.Build.0 = Debug|Any CPU
		{3380341D-A8C8-42FD-9D92-4C62F738531D}.Release|Any CPU.ActiveCfg = Release|Any CPU
		{3380341D-A8C8-42FD-9D92-4C62F738531D}.Release|Any CPU.Build.0 = Release|Any CPU
		{12BD261D-2C76-4187-83DA-52B5691073F2}.Debug|Any CPU.ActiveCfg = Debug|Any CPU
		{12BD261D-2C76-4187-83DA-52B5691073F2}.Debug|Any CPU.Build.0 = Debug|Any CPU
		{12BD261D-2C76-4187-83DA-52B5691073F2}.Release|Any CPU.ActiveCfg = Release|Any CPU
		{12BD261D-2C76-4187-83DA-52B5691073F2}.Release|Any CPU.Build.0 = Release|Any CPU
		{5ADE2A39-F3AD-4F57-BE60-92905E2F1033}.Debug|Any CPU.ActiveCfg = Debug|Any CPU
		{5ADE2A39-F3AD-4F57-BE60-92905E2F1033}.Debug|Any CPU.Build.0 = Debug|Any CPU
		{5ADE2A39-F3AD-4F57-BE60-92905E2F1033}.Release|Any CPU.ActiveCfg = Release|Any CPU
		{5ADE2A39-F3AD-4F57-BE60-92905E2F1033}.Release|Any CPU.Build.0 = Release|Any CPU
	EndGlobalSection
	GlobalSection(SolutionProperties) = preSolution
		HideSolutionNode = FALSE
	EndGlobalSection
	GlobalSection(NestedProjects) = preSolution
		{2DF4A2A3-7053-4672-B5B1-DD37E71E2F0B} = {7BD23D59-9867-4ED3-8179-95825FF2A03A}
		{EF78EFF1-36CF-4657-92E7-3DFF29FE2212} = {7BD23D59-9867-4ED3-8179-95825FF2A03A}
		{0FE9AED0-47FF-47B1-8FBA-B1DCCD3E3999} = {7BD23D59-9867-4ED3-8179-95825FF2A03A}
		{A45E8B7E-5AE0-421C-BF0B-74D3A428CBE3} = {7478E5A8-361C-40FF-A0BE-092EA4DB4731}
		{370D6DAD-C4F7-4CF2-BF17-8F56A8E47455} = {7478E5A8-361C-40FF-A0BE-092EA4DB4731}
		{5A71C010-35DE-4339-BC32-7651518406B3} = {7478E5A8-361C-40FF-A0BE-092EA4DB4731}
		{3380341D-A8C8-42FD-9D92-4C62F738531D} = {7478E5A8-361C-40FF-A0BE-092EA4DB4731}
		{12BD261D-2C76-4187-83DA-52B5691073F2} = {F4B03EB5-9A04-4827-803C-325A6F9BB7FD}
		{5ADE2A39-F3AD-4F57-BE60-92905E2F1033} = {F4B03EB5-9A04-4827-803C-325A6F9BB7FD}
	EndGlobalSection
EndGlobal
